{
  "name": "@stephen-collins-tech/ts-validator",
  "version": "0.0.2",
  "lockfileVersion": 3,
  "requires": true,
  "packages": {
    "": {
      "name": "@stephen-collins-tech/ts-validator",
      "version": "0.0.2",
      "cpu": [
        "x64",
        "arm64"
      ],
      "hasInstallScript": true,
      "license": "MIT",
      "os": [
        "darwin",
        "linux",
        "win32"
      ],
      "bin": {
        "ts-validator": "cli.js"
      }
    }
  }
}
